// !$*UTF8*$!
{
	archiveVersion = 1;
	classes = {
	};
	objectVersion = 46;
	objects = {

/* Begin PBXBuildFile section */
		7249EBE0181B7E1BA100820D /* Pods_HotelAppUITests.framework in Frameworks */ = {isa = PBXBuildFile; fileRef = 938378579CBC58550345BC3B /* Pods_HotelAppUITests.framework */; };
		76174BC91DA7A693004BD00F /* AppDelegate.swift in Sources */ = {isa = PBXBuildFile; fileRef = 76174BC81DA7A693004BD00F /* AppDelegate.swift */; };
		76174BCB1DA7A693004BD00F /* ViewController.swift in Sources */ = {isa = PBXBuildFile; fileRef = 76174BCA1DA7A693004BD00F /* ViewController.swift */; };
		76174BCE1DA7A693004BD00F /* Main.storyboard in Resources */ = {isa = PBXBuildFile; fileRef = 76174BCC1DA7A693004BD00F /* Main.storyboard */; };
		76174BD01DA7A693004BD00F /* Assets.xcassets in Resources */ = {isa = PBXBuildFile; fileRef = 76174BCF1DA7A693004BD00F /* Assets.xcassets */; };
		76174BD31DA7A693004BD00F /* LaunchScreen.storyboard in Resources */ = {isa = PBXBuildFile; fileRef = 76174BD11DA7A693004BD00F /* LaunchScreen.storyboard */; };
		76174BDE1DA7A693004BD00F /* HotelAppTests.swift in Sources */ = {isa = PBXBuildFile; fileRef = 76174BDD1DA7A693004BD00F /* HotelAppTests.swift */; };
		76174BE91DA7A694004BD00F /* HotelAppUITests.swift in Sources */ = {isa = PBXBuildFile; fileRef = 76174BE81DA7A694004BD00F /* HotelAppUITests.swift */; };
		7658B4241DB2990A009F7788 /* NotificationService.swift in Sources */ = {isa = PBXBuildFile; fileRef = 7658B4231DB2990A009F7788 /* NotificationService.swift */; };
		7658B4281DB2990A009F7788 /* HotelAppNotificationExtension.appex in Embed App Extensions */ = {isa = PBXBuildFile; fileRef = 7658B4211DB2990A009F7788 /* HotelAppNotificationExtension.appex */; settings = {ATTRIBUTES = (RemoveHeadersOnCopy, ); }; };
		767B83C61DAE2F7400BD5DE3 /* TrackingManager.swift in Sources */ = {isa = PBXBuildFile; fileRef = 767B83C51DAE2F7400BD5DE3 /* TrackingManager.swift */; };
		767B83C81DAE347F00BD5DE3 /* NotificationManager.swift in Sources */ = {isa = PBXBuildFile; fileRef = 767B83C71DAE347F00BD5DE3 /* NotificationManager.swift */; };
		8CC7FFCCAC5E820CAD03F081 /* Pods_HotelAppTests.framework in Frameworks */ = {isa = PBXBuildFile; fileRef = 0374D98F3668FF661ACE87BC /* Pods_HotelAppTests.framework */; };
		F3C9FA816C3A9CB79C073F4E /* Pods_HotelApp.framework in Frameworks */ = {isa = PBXBuildFile; fileRef = FA48E240441A07E2BA07084C /* Pods_HotelApp.framework */; };
/* End PBXBuildFile section */

/* Begin PBXContainerItemProxy section */
		76174BDA1DA7A693004BD00F /* PBXContainerItemProxy */ = {
			isa = PBXContainerItemProxy;
			containerPortal = 76174BBD1DA7A693004BD00F /* Project object */;
			proxyType = 1;
			remoteGlobalIDString = 76174BC41DA7A693004BD00F;
			remoteInfo = HotelApp;
		};
		76174BE51DA7A693004BD00F /* PBXContainerItemProxy */ = {
			isa = PBXContainerItemProxy;
			containerPortal = 76174BBD1DA7A693004BD00F /* Project object */;
			proxyType = 1;
			remoteGlobalIDString = 76174BC41DA7A693004BD00F;
			remoteInfo = HotelApp;
		};
		7658B4261DB2990A009F7788 /* PBXContainerItemProxy */ = {
			isa = PBXContainerItemProxy;
			containerPortal = 76174BBD1DA7A693004BD00F /* Project object */;
			proxyType = 1;
			remoteGlobalIDString = 7658B4201DB2990A009F7788;
			remoteInfo = HotelAppNotificationExtension;
		};
/* End PBXContainerItemProxy section */

/* Begin PBXCopyFilesBuildPhase section */
		7658B42C1DB2990B009F7788 /* Embed App Extensions */ = {
			isa = PBXCopyFilesBuildPhase;
			buildActionMask = 2147483647;
			dstPath = "";
			dstSubfolderSpec = 13;
			files = (
				7658B4281DB2990A009F7788 /* HotelAppNotificationExtension.appex in Embed App Extensions */,
			);
			name = "Embed App Extensions";
			runOnlyForDeploymentPostprocessing = 0;
		};
/* End PBXCopyFilesBuildPhase section */

/* Begin PBXFileReference section */
		0374D98F3668FF661ACE87BC /* Pods_HotelAppTests.framework */ = {isa = PBXFileReference; explicitFileType = wrapper.framework; includeInIndex = 0; path = Pods_HotelAppTests.framework; sourceTree = BUILT_PRODUCTS_DIR; };
		2B6F5A5BBD1263AAB31377AA /* Pods-HotelAppUITests.release.xcconfig */ = {isa = PBXFileReference; includeInIndex = 1; lastKnownFileType = text.xcconfig; name = "Pods-HotelAppUITests.release.xcconfig"; path = "Pods/Target Support Files/Pods-HotelAppUITests/Pods-HotelAppUITests.release.xcconfig"; sourceTree = "<group>"; };
		31E554F07B86F6FB56B892F6 /* Pods-HotelApp.debug.xcconfig */ = {isa = PBXFileReference; includeInIndex = 1; lastKnownFileType = text.xcconfig; name = "Pods-HotelApp.debug.xcconfig"; path = "Pods/Target Support Files/Pods-HotelApp/Pods-HotelApp.debug.xcconfig"; sourceTree = "<group>"; };
		76174BC51DA7A693004BD00F /* HotelApp.app */ = {isa = PBXFileReference; explicitFileType = wrapper.application; includeInIndex = 0; path = HotelApp.app; sourceTree = BUILT_PRODUCTS_DIR; };
		76174BC81DA7A693004BD00F /* AppDelegate.swift */ = {isa = PBXFileReference; lastKnownFileType = sourcecode.swift; path = AppDelegate.swift; sourceTree = "<group>"; };
		76174BCA1DA7A693004BD00F /* ViewController.swift */ = {isa = PBXFileReference; lastKnownFileType = sourcecode.swift; path = ViewController.swift; sourceTree = "<group>"; };
		76174BCD1DA7A693004BD00F /* Base */ = {isa = PBXFileReference; lastKnownFileType = file.storyboard; name = Base; path = Base.lproj/Main.storyboard; sourceTree = "<group>"; };
		76174BCF1DA7A693004BD00F /* Assets.xcassets */ = {isa = PBXFileReference; lastKnownFileType = folder.assetcatalog; path = Assets.xcassets; sourceTree = "<group>"; };
		76174BD21DA7A693004BD00F /* Base */ = {isa = PBXFileReference; lastKnownFileType = file.storyboard; name = Base; path = Base.lproj/LaunchScreen.storyboard; sourceTree = "<group>"; };
		76174BD41DA7A693004BD00F /* Info.plist */ = {isa = PBXFileReference; lastKnownFileType = text.plist.xml; path = Info.plist; sourceTree = "<group>"; };
		76174BD91DA7A693004BD00F /* HotelAppTests.xctest */ = {isa = PBXFileReference; explicitFileType = wrapper.cfbundle; includeInIndex = 0; path = HotelAppTests.xctest; sourceTree = BUILT_PRODUCTS_DIR; };
		76174BDD1DA7A693004BD00F /* HotelAppTests.swift */ = {isa = PBXFileReference; lastKnownFileType = sourcecode.swift; path = HotelAppTests.swift; sourceTree = "<group>"; };
		76174BDF1DA7A693004BD00F /* Info.plist */ = {isa = PBXFileReference; lastKnownFileType = text.plist.xml; path = Info.plist; sourceTree = "<group>"; };
		76174BE41DA7A693004BD00F /* HotelAppUITests.xctest */ = {isa = PBXFileReference; explicitFileType = wrapper.cfbundle; includeInIndex = 0; path = HotelAppUITests.xctest; sourceTree = BUILT_PRODUCTS_DIR; };
		76174BE81DA7A694004BD00F /* HotelAppUITests.swift */ = {isa = PBXFileReference; lastKnownFileType = sourcecode.swift; path = HotelAppUITests.swift; sourceTree = "<group>"; };
		76174BEA1DA7A694004BD00F /* Info.plist */ = {isa = PBXFileReference; lastKnownFileType = text.plist.xml; path = Info.plist; sourceTree = "<group>"; };
		7638D1BB1DAA815F0087E34F /* HotelApp.entitlements */ = {isa = PBXFileReference; lastKnownFileType = text.plist.entitlements; path = HotelApp.entitlements; sourceTree = "<group>"; };
		7658B4211DB2990A009F7788 /* HotelAppNotificationExtension.appex */ = {isa = PBXFileReference; explicitFileType = "wrapper.app-extension"; includeInIndex = 0; path = HotelAppNotificationExtension.appex; sourceTree = BUILT_PRODUCTS_DIR; };
		7658B4231DB2990A009F7788 /* NotificationService.swift */ = {isa = PBXFileReference; lastKnownFileType = sourcecode.swift; path = NotificationService.swift; sourceTree = "<group>"; };
		7658B4251DB2990A009F7788 /* Info.plist */ = {isa = PBXFileReference; lastKnownFileType = text.plist.xml; path = Info.plist; sourceTree = "<group>"; };
		767B83C51DAE2F7400BD5DE3 /* TrackingManager.swift */ = {isa = PBXFileReference; fileEncoding = 4; lastKnownFileType = sourcecode.swift; path = TrackingManager.swift; sourceTree = "<group>"; };
		767B83C71DAE347F00BD5DE3 /* NotificationManager.swift */ = {isa = PBXFileReference; fileEncoding = 4; lastKnownFileType = sourcecode.swift; path = NotificationManager.swift; sourceTree = "<group>"; };
		796DA8BEAAF46C4AB5C8419C /* Pods-HotelAppTests.release.xcconfig */ = {isa = PBXFileReference; includeInIndex = 1; lastKnownFileType = text.xcconfig; name = "Pods-HotelAppTests.release.xcconfig"; path = "Pods/Target Support Files/Pods-HotelAppTests/Pods-HotelAppTests.release.xcconfig"; sourceTree = "<group>"; };
		938378579CBC58550345BC3B /* Pods_HotelAppUITests.framework */ = {isa = PBXFileReference; explicitFileType = wrapper.framework; includeInIndex = 0; path = Pods_HotelAppUITests.framework; sourceTree = BUILT_PRODUCTS_DIR; };
		BB2BE5D06F4EF00A298F3F07 /* Pods-HotelAppTests.debug.xcconfig */ = {isa = PBXFileReference; includeInIndex = 1; lastKnownFileType = text.xcconfig; name = "Pods-HotelAppTests.debug.xcconfig"; path = "Pods/Target Support Files/Pods-HotelAppTests/Pods-HotelAppTests.debug.xcconfig"; sourceTree = "<group>"; };
		D48AD1468DF6A157B11D326D /* Pods-HotelAppUITests.debug.xcconfig */ = {isa = PBXFileReference; includeInIndex = 1; lastKnownFileType = text.xcconfig; name = "Pods-HotelAppUITests.debug.xcconfig"; path = "Pods/Target Support Files/Pods-HotelAppUITests/Pods-HotelAppUITests.debug.xcconfig"; sourceTree = "<group>"; };
		DCCC036DFBD3C00EDEDE26DF /* Pods-HotelApp.release.xcconfig */ = {isa = PBXFileReference; includeInIndex = 1; lastKnownFileType = text.xcconfig; name = "Pods-HotelApp.release.xcconfig"; path = "Pods/Target Support Files/Pods-HotelApp/Pods-HotelApp.release.xcconfig"; sourceTree = "<group>"; };
		FA48E240441A07E2BA07084C /* Pods_HotelApp.framework */ = {isa = PBXFileReference; explicitFileType = wrapper.framework; includeInIndex = 0; path = Pods_HotelApp.framework; sourceTree = BUILT_PRODUCTS_DIR; };
/* End PBXFileReference section */

/* Begin PBXFrameworksBuildPhase section */
		76174BC21DA7A693004BD00F /* Frameworks */ = {
			isa = PBXFrameworksBuildPhase;
			buildActionMask = 2147483647;
			files = (
				F3C9FA816C3A9CB79C073F4E /* Pods_HotelApp.framework in Frameworks */,
			);
			runOnlyForDeploymentPostprocessing = 0;
		};
		76174BD61DA7A693004BD00F /* Frameworks */ = {
			isa = PBXFrameworksBuildPhase;
			buildActionMask = 2147483647;
			files = (
				8CC7FFCCAC5E820CAD03F081 /* Pods_HotelAppTests.framework in Frameworks */,
			);
			runOnlyForDeploymentPostprocessing = 0;
		};
		76174BE11DA7A693004BD00F /* Frameworks */ = {
			isa = PBXFrameworksBuildPhase;
			buildActionMask = 2147483647;
			files = (
				7249EBE0181B7E1BA100820D /* Pods_HotelAppUITests.framework in Frameworks */,
			);
			runOnlyForDeploymentPostprocessing = 0;
		};
		7658B41E1DB2990A009F7788 /* Frameworks */ = {
			isa = PBXFrameworksBuildPhase;
			buildActionMask = 2147483647;
			files = (
			);
			runOnlyForDeploymentPostprocessing = 0;
		};
/* End PBXFrameworksBuildPhase section */

/* Begin PBXGroup section */
		2C6453591C3133176B935D88 /* Pods */ = {
			isa = PBXGroup;
			children = (
				31E554F07B86F6FB56B892F6 /* Pods-HotelApp.debug.xcconfig */,
				DCCC036DFBD3C00EDEDE26DF /* Pods-HotelApp.release.xcconfig */,
				BB2BE5D06F4EF00A298F3F07 /* Pods-HotelAppTests.debug.xcconfig */,
				796DA8BEAAF46C4AB5C8419C /* Pods-HotelAppTests.release.xcconfig */,
				D48AD1468DF6A157B11D326D /* Pods-HotelAppUITests.debug.xcconfig */,
				2B6F5A5BBD1263AAB31377AA /* Pods-HotelAppUITests.release.xcconfig */,
			);
			name = Pods;
			sourceTree = "<group>";
		};
		4F7E427931695841F58476B5 /* Frameworks */ = {
			isa = PBXGroup;
			children = (
				FA48E240441A07E2BA07084C /* Pods_HotelApp.framework */,
				0374D98F3668FF661ACE87BC /* Pods_HotelAppTests.framework */,
				938378579CBC58550345BC3B /* Pods_HotelAppUITests.framework */,
			);
			name = Frameworks;
			sourceTree = "<group>";
		};
		76174BBC1DA7A693004BD00F = {
			isa = PBXGroup;
			children = (
				76174BC71DA7A693004BD00F /* HotelApp */,
				7658B4221DB2990A009F7788 /* HotelAppNotificationExtension */,
				76174BDC1DA7A693004BD00F /* HotelAppTests */,
				76174BE71DA7A693004BD00F /* HotelAppUITests */,
				76174BC61DA7A693004BD00F /* Products */,
				2C6453591C3133176B935D88 /* Pods */,
				4F7E427931695841F58476B5 /* Frameworks */,
			);
			sourceTree = "<group>";
		};
		76174BC61DA7A693004BD00F /* Products */ = {
			isa = PBXGroup;
			children = (
				76174BC51DA7A693004BD00F /* HotelApp.app */,
				76174BD91DA7A693004BD00F /* HotelAppTests.xctest */,
				76174BE41DA7A693004BD00F /* HotelAppUITests.xctest */,
				7658B4211DB2990A009F7788 /* HotelAppNotificationExtension.appex */,
			);
			name = Products;
			sourceTree = "<group>";
		};
		76174BC71DA7A693004BD00F /* HotelApp */ = {
			isa = PBXGroup;
			children = (
				76174BC81DA7A693004BD00F /* AppDelegate.swift */,
				768F11951DA9660D00454D6A /* Model */,
				768F11971DA9661A00454D6A /* Controllers */,
				768F11961DA9661300454D6A /* Views */,
				76174BCF1DA7A693004BD00F /* Assets.xcassets */,
				76174BD41DA7A693004BD00F /* Info.plist */,
				7638D1BB1DAA815F0087E34F /* HotelApp.entitlements */,
			);
			path = HotelApp;
			sourceTree = "<group>";
		};
		76174BDC1DA7A693004BD00F /* HotelAppTests */ = {
			isa = PBXGroup;
			children = (
				76174BDD1DA7A693004BD00F /* HotelAppTests.swift */,
				76174BDF1DA7A693004BD00F /* Info.plist */,
			);
			path = HotelAppTests;
			sourceTree = "<group>";
		};
		76174BE71DA7A693004BD00F /* HotelAppUITests */ = {
			isa = PBXGroup;
			children = (
				76174BE81DA7A694004BD00F /* HotelAppUITests.swift */,
				76174BEA1DA7A694004BD00F /* Info.plist */,
			);
			path = HotelAppUITests;
			sourceTree = "<group>";
		};
		7658B4221DB2990A009F7788 /* HotelAppNotificationExtension */ = {
			isa = PBXGroup;
			children = (
				7658B4231DB2990A009F7788 /* NotificationService.swift */,
				7658B4251DB2990A009F7788 /* Info.plist */,
			);
			path = HotelAppNotificationExtension;
			sourceTree = "<group>";
		};
		768F11951DA9660D00454D6A /* Model */ = {
			isa = PBXGroup;
			children = (
				767B83C51DAE2F7400BD5DE3 /* TrackingManager.swift */,
				767B83C71DAE347F00BD5DE3 /* NotificationManager.swift */,
			);
			name = Model;
			sourceTree = "<group>";
		};
		768F11961DA9661300454D6A /* Views */ = {
			isa = PBXGroup;
			children = (
				76174BCC1DA7A693004BD00F /* Main.storyboard */,
				76174BD11DA7A693004BD00F /* LaunchScreen.storyboard */,
			);
			name = Views;
			sourceTree = "<group>";
		};
		768F11971DA9661A00454D6A /* Controllers */ = {
			isa = PBXGroup;
			children = (
				76174BCA1DA7A693004BD00F /* ViewController.swift */,
			);
			name = Controllers;
			sourceTree = "<group>";
		};
/* End PBXGroup section */

/* Begin PBXNativeTarget section */
		76174BC41DA7A693004BD00F /* HotelApp */ = {
			isa = PBXNativeTarget;
			buildConfigurationList = 76174BED1DA7A694004BD00F /* Build configuration list for PBXNativeTarget "HotelApp" */;
			buildPhases = (
				F481B38F93DBBF45CFE3D4FB /* [CP] Check Pods Manifest.lock */,
				76174BC11DA7A693004BD00F /* Sources */,
				76174BC21DA7A693004BD00F /* Frameworks */,
				76174BC31DA7A693004BD00F /* Resources */,
				FB70558A90369BC0185F80A9 /* [CP] Embed Pods Frameworks */,
				790199B382763283CF1A1113 /* [CP] Copy Pods Resources */,
				7658B42C1DB2990B009F7788 /* Embed App Extensions */,
			);
			buildRules = (
			);
			dependencies = (
				7658B4271DB2990A009F7788 /* PBXTargetDependency */,
			);
			name = HotelApp;
			productName = HotelApp;
			productReference = 76174BC51DA7A693004BD00F /* HotelApp.app */;
			productType = "com.apple.product-type.application";
		};
		76174BD81DA7A693004BD00F /* HotelAppTests */ = {
			isa = PBXNativeTarget;
			buildConfigurationList = 76174BF01DA7A694004BD00F /* Build configuration list for PBXNativeTarget "HotelAppTests" */;
			buildPhases = (
				2688A496D974287ECF0E5CBC /* [CP] Check Pods Manifest.lock */,
				76174BD51DA7A693004BD00F /* Sources */,
				76174BD61DA7A693004BD00F /* Frameworks */,
				76174BD71DA7A693004BD00F /* Resources */,
				00B4C69373F780369E30F407 /* [CP] Embed Pods Frameworks */,
				5E41A49BCE1588D395871A62 /* [CP] Copy Pods Resources */,
			);
			buildRules = (
			);
			dependencies = (
				76174BDB1DA7A693004BD00F /* PBXTargetDependency */,
			);
			name = HotelAppTests;
			productName = HotelAppTests;
			productReference = 76174BD91DA7A693004BD00F /* HotelAppTests.xctest */;
			productType = "com.apple.product-type.bundle.unit-test";
		};
		76174BE31DA7A693004BD00F /* HotelAppUITests */ = {
			isa = PBXNativeTarget;
			buildConfigurationList = 76174BF31DA7A694004BD00F /* Build configuration list for PBXNativeTarget "HotelAppUITests" */;
			buildPhases = (
				D581E0FBD36159379C0FC879 /* [CP] Check Pods Manifest.lock */,
				76174BE01DA7A693004BD00F /* Sources */,
				76174BE11DA7A693004BD00F /* Frameworks */,
				76174BE21DA7A693004BD00F /* Resources */,
				0D75100A56DDCAAB00B119B1 /* [CP] Copy Pods Resources */,
			);
			buildRules = (
			);
			dependencies = (
				76174BE61DA7A693004BD00F /* PBXTargetDependency */,
			);
			name = HotelAppUITests;
			productName = HotelAppUITests;
			productReference = 76174BE41DA7A693004BD00F /* HotelAppUITests.xctest */;
			productType = "com.apple.product-type.bundle.ui-testing";
		};
		7658B4201DB2990A009F7788 /* HotelAppNotificationExtension */ = {
			isa = PBXNativeTarget;
			buildConfigurationList = 7658B42B1DB2990B009F7788 /* Build configuration list for PBXNativeTarget "HotelAppNotificationExtension" */;
			buildPhases = (
				7658B41D1DB2990A009F7788 /* Sources */,
				7658B41E1DB2990A009F7788 /* Frameworks */,
				7658B41F1DB2990A009F7788 /* Resources */,
			);
			buildRules = (
			);
			dependencies = (
			);
			name = HotelAppNotificationExtension;
			productName = HotelAppNotificationExtension;
			productReference = 7658B4211DB2990A009F7788 /* HotelAppNotificationExtension.appex */;
			productType = "com.apple.product-type.app-extension";
		};
/* End PBXNativeTarget section */

/* Begin PBXProject section */
		76174BBD1DA7A693004BD00F /* Project object */ = {
			isa = PBXProject;
			attributes = {
				LastSwiftUpdateCheck = 0800;
				LastUpgradeCheck = 0800;
				ORGANIZATIONNAME = "Constantine Lutas";
				TargetAttributes = {
					76174BC41DA7A693004BD00F = {
						CreatedOnToolsVersion = 8.0;
						DevelopmentTeam = XZUC27U986;
						LastSwiftMigration = 0800;
						ProvisioningStyle = Automatic;
						SystemCapabilities = {
							com.apple.BackgroundModes = {
								enabled = 0;
							};
							com.apple.Push = {
								enabled = 1;
							};
						};
					};
					76174BD81DA7A693004BD00F = {
						CreatedOnToolsVersion = 8.0;
						DevelopmentTeam = XZUC27U986;
						LastSwiftMigration = 0800;
						ProvisioningStyle = Automatic;
						TestTargetID = 76174BC41DA7A693004BD00F;
					};
					76174BE31DA7A693004BD00F = {
						CreatedOnToolsVersion = 8.0;
						DevelopmentTeam = XZUC27U986;
						LastSwiftMigration = 0800;
						ProvisioningStyle = Automatic;
						TestTargetID = 76174BC41DA7A693004BD00F;
					};
					7658B4201DB2990A009F7788 = {
						CreatedOnToolsVersion = 8.0;
						DevelopmentTeam = XZUC27U986;
						ProvisioningStyle = Automatic;
					};
				};
			};
			buildConfigurationList = 76174BC01DA7A693004BD00F /* Build configuration list for PBXProject "HotelApp" */;
			compatibilityVersion = "Xcode 3.2";
			developmentRegion = English;
			hasScannedForEncodings = 0;
			knownRegions = (
				en,
				Base,
			);
			mainGroup = 76174BBC1DA7A693004BD00F;
			productRefGroup = 76174BC61DA7A693004BD00F /* Products */;
			projectDirPath = "";
			projectRoot = "";
			targets = (
				76174BC41DA7A693004BD00F /* HotelApp */,
				7658B4201DB2990A009F7788 /* HotelAppNotificationExtension */,
				76174BD81DA7A693004BD00F /* HotelAppTests */,
				76174BE31DA7A693004BD00F /* HotelAppUITests */,
			);
		};
/* End PBXProject section */

/* Begin PBXResourcesBuildPhase section */
		76174BC31DA7A693004BD00F /* Resources */ = {
			isa = PBXResourcesBuildPhase;
			buildActionMask = 2147483647;
			files = (
				76174BD31DA7A693004BD00F /* LaunchScreen.storyboard in Resources */,
				76174BD01DA7A693004BD00F /* Assets.xcassets in Resources */,
				76174BCE1DA7A693004BD00F /* Main.storyboard in Resources */,
			);
			runOnlyForDeploymentPostprocessing = 0;
		};
		76174BD71DA7A693004BD00F /* Resources */ = {
			isa = PBXResourcesBuildPhase;
			buildActionMask = 2147483647;
			files = (
			);
			runOnlyForDeploymentPostprocessing = 0;
		};
		76174BE21DA7A693004BD00F /* Resources */ = {
			isa = PBXResourcesBuildPhase;
			buildActionMask = 2147483647;
			files = (
			);
			runOnlyForDeploymentPostprocessing = 0;
		};
		7658B41F1DB2990A009F7788 /* Resources */ = {
			isa = PBXResourcesBuildPhase;
			buildActionMask = 2147483647;
			files = (
			);
			runOnlyForDeploymentPostprocessing = 0;
		};
/* End PBXResourcesBuildPhase section */

/* Begin PBXShellScriptBuildPhase section */
		00B4C69373F780369E30F407 /* [CP] Embed Pods Frameworks */ = {
			isa = PBXShellScriptBuildPhase;
			buildActionMask = 2147483647;
			files = (
			);
			inputPaths = (
			);
			name = "[CP] Embed Pods Frameworks";
			outputPaths = (
			);
			runOnlyForDeploymentPostprocessing = 0;
			shellPath = /bin/sh;
			shellScript = "\"${SRCROOT}/Pods/Target Support Files/Pods-HotelAppTests/Pods-HotelAppTests-frameworks.sh\"\n";
			showEnvVarsInLog = 0;
		};
		0D75100A56DDCAAB00B119B1 /* [CP] Copy Pods Resources */ = {
			isa = PBXShellScriptBuildPhase;
			buildActionMask = 2147483647;
			files = (
			);
			inputPaths = (
			);
			name = "[CP] Copy Pods Resources";
			outputPaths = (
			);
			runOnlyForDeploymentPostprocessing = 0;
			shellPath = /bin/sh;
			shellScript = "\"${SRCROOT}/Pods/Target Support Files/Pods-HotelAppUITests/Pods-HotelAppUITests-resources.sh\"\n";
			showEnvVarsInLog = 0;
		};
		2688A496D974287ECF0E5CBC /* [CP] Check Pods Manifest.lock */ = {
			isa = PBXShellScriptBuildPhase;
			buildActionMask = 2147483647;
			files = (
			);
			inputPaths = (
			);
			name = "[CP] Check Pods Manifest.lock";
			outputPaths = (
			);
			runOnlyForDeploymentPostprocessing = 0;
			shellPath = /bin/sh;
			shellScript = "diff \"${PODS_ROOT}/../Podfile.lock\" \"${PODS_ROOT}/Manifest.lock\" > /dev/null\nif [[ $? != 0 ]] ; then\n    cat << EOM\nerror: The sandbox is not in sync with the Podfile.lock. Run 'pod install' or update your CocoaPods installation.\nEOM\n    exit 1\nfi\n";
			showEnvVarsInLog = 0;
		};
		5E41A49BCE1588D395871A62 /* [CP] Copy Pods Resources */ = {
			isa = PBXShellScriptBuildPhase;
			buildActionMask = 2147483647;
			files = (
			);
			inputPaths = (
			);
			name = "[CP] Copy Pods Resources";
			outputPaths = (
			);
			runOnlyForDeploymentPostprocessing = 0;
			shellPath = /bin/sh;
			shellScript = "\"${SRCROOT}/Pods/Target Support Files/Pods-HotelAppTests/Pods-HotelAppTests-resources.sh\"\n";
			showEnvVarsInLog = 0;
		};
		790199B382763283CF1A1113 /* [CP] Copy Pods Resources */ = {
			isa = PBXShellScriptBuildPhase;
			buildActionMask = 2147483647;
			files = (
			);
			inputPaths = (
			);
			name = "[CP] Copy Pods Resources";
			outputPaths = (
			);
			runOnlyForDeploymentPostprocessing = 0;
			shellPath = /bin/sh;
			shellScript = "\"${SRCROOT}/Pods/Target Support Files/Pods-HotelApp/Pods-HotelApp-resources.sh\"\n";
			showEnvVarsInLog = 0;
		};
		D581E0FBD36159379C0FC879 /* [CP] Check Pods Manifest.lock */ = {
			isa = PBXShellScriptBuildPhase;
			buildActionMask = 2147483647;
			files = (
			);
			inputPaths = (
			);
			name = "[CP] Check Pods Manifest.lock";
			outputPaths = (
			);
			runOnlyForDeploymentPostprocessing = 0;
			shellPath = /bin/sh;
			shellScript = "diff \"${PODS_ROOT}/../Podfile.lock\" \"${PODS_ROOT}/Manifest.lock\" > /dev/null\nif [[ $? != 0 ]] ; then\n    cat << EOM\nerror: The sandbox is not in sync with the Podfile.lock. Run 'pod install' or update your CocoaPods installation.\nEOM\n    exit 1\nfi\n";
			showEnvVarsInLog = 0;
		};
		F481B38F93DBBF45CFE3D4FB /* [CP] Check Pods Manifest.lock */ = {
			isa = PBXShellScriptBuildPhase;
			buildActionMask = 2147483647;
			files = (
			);
			inputPaths = (
			);
			name = "[CP] Check Pods Manifest.lock";
			outputPaths = (
			);
			runOnlyForDeploymentPostprocessing = 0;
			shellPath = /bin/sh;
			shellScript = "diff \"${PODS_ROOT}/../Podfile.lock\" \"${PODS_ROOT}/Manifest.lock\" > /dev/null\nif [[ $? != 0 ]] ; then\n    cat << EOM\nerror: The sandbox is not in sync with the Podfile.lock. Run 'pod install' or update your CocoaPods installation.\nEOM\n    exit 1\nfi\n";
			showEnvVarsInLog = 0;
		};
		FB70558A90369BC0185F80A9 /* [CP] Embed Pods Frameworks */ = {
			isa = PBXShellScriptBuildPhase;
			buildActionMask = 2147483647;
			files = (
			);
			inputPaths = (
			);
			name = "[CP] Embed Pods Frameworks";
			outputPaths = (
			);
			runOnlyForDeploymentPostprocessing = 0;
			shellPath = /bin/sh;
			shellScript = "\"${SRCROOT}/Pods/Target Support Files/Pods-HotelApp/Pods-HotelApp-frameworks.sh\"\n";
			showEnvVarsInLog = 0;
		};
/* End PBXShellScriptBuildPhase section */

/* Begin PBXSourcesBuildPhase section */
		76174BC11DA7A693004BD00F /* Sources */ = {
			isa = PBXSourcesBuildPhase;
			buildActionMask = 2147483647;
			files = (
				767B83C61DAE2F7400BD5DE3 /* TrackingManager.swift in Sources */,
				76174BCB1DA7A693004BD00F /* ViewController.swift in Sources */,
				767B83C81DAE347F00BD5DE3 /* NotificationManager.swift in Sources */,
				76174BC91DA7A693004BD00F /* AppDelegate.swift in Sources */,
			);
			runOnlyForDeploymentPostprocessing = 0;
		};
		76174BD51DA7A693004BD00F /* Sources */ = {
			isa = PBXSourcesBuildPhase;
			buildActionMask = 2147483647;
			files = (
				76174BDE1DA7A693004BD00F /* HotelAppTests.swift in Sources */,
			);
			runOnlyForDeploymentPostprocessing = 0;
		};
		76174BE01DA7A693004BD00F /* Sources */ = {
			isa = PBXSourcesBuildPhase;
			buildActionMask = 2147483647;
			files = (
				76174BE91DA7A694004BD00F /* HotelAppUITests.swift in Sources */,
			);
			runOnlyForDeploymentPostprocessing = 0;
		};
		7658B41D1DB2990A009F7788 /* Sources */ = {
			isa = PBXSourcesBuildPhase;
			buildActionMask = 2147483647;
			files = (
				7658B4241DB2990A009F7788 /* NotificationService.swift in Sources */,
			);
			runOnlyForDeploymentPostprocessing = 0;
		};
/* End PBXSourcesBuildPhase section */

/* Begin PBXTargetDependency section */
		76174BDB1DA7A693004BD00F /* PBXTargetDependency */ = {
			isa = PBXTargetDependency;
			target = 76174BC41DA7A693004BD00F /* HotelApp */;
			targetProxy = 76174BDA1DA7A693004BD00F /* PBXContainerItemProxy */;
		};
		76174BE61DA7A693004BD00F /* PBXTargetDependency */ = {
			isa = PBXTargetDependency;
			target = 76174BC41DA7A693004BD00F /* HotelApp */;
			targetProxy = 76174BE51DA7A693004BD00F /* PBXContainerItemProxy */;
		};
		7658B4271DB2990A009F7788 /* PBXTargetDependency */ = {
			isa = PBXTargetDependency;
			target = 7658B4201DB2990A009F7788 /* HotelAppNotificationExtension */;
			targetProxy = 7658B4261DB2990A009F7788 /* PBXContainerItemProxy */;
		};
/* End PBXTargetDependency section */

/* Begin PBXVariantGroup section */
		76174BCC1DA7A693004BD00F /* Main.storyboard */ = {
			isa = PBXVariantGroup;
			children = (
				76174BCD1DA7A693004BD00F /* Base */,
			);
			name = Main.storyboard;
			sourceTree = "<group>";
		};
		76174BD11DA7A693004BD00F /* LaunchScreen.storyboard */ = {
			isa = PBXVariantGroup;
			children = (
				76174BD21DA7A693004BD00F /* Base */,
			);
			name = LaunchScreen.storyboard;
			sourceTree = "<group>";
		};
/* End PBXVariantGroup section */

/* Begin XCBuildConfiguration section */
		76174BEB1DA7A694004BD00F /* Debug */ = {
			isa = XCBuildConfiguration;
			buildSettings = {
				ALWAYS_SEARCH_USER_PATHS = NO;
				CLANG_ANALYZER_NONNULL = YES;
				CLANG_CXX_LANGUAGE_STANDARD = "gnu++0x";
				CLANG_CXX_LIBRARY = "libc++";
				CLANG_ENABLE_MODULES = YES;
				CLANG_ENABLE_OBJC_ARC = YES;
				CLANG_WARN_BOOL_CONVERSION = YES;
				CLANG_WARN_CONSTANT_CONVERSION = YES;
				CLANG_WARN_DIRECT_OBJC_ISA_USAGE = YES_ERROR;
				CLANG_WARN_DOCUMENTATION_COMMENTS = YES;
				CLANG_WARN_EMPTY_BODY = YES;
				CLANG_WARN_ENUM_CONVERSION = YES;
				CLANG_WARN_INFINITE_RECURSION = YES;
				CLANG_WARN_INT_CONVERSION = YES;
				CLANG_WARN_OBJC_ROOT_CLASS = YES_ERROR;
				CLANG_WARN_SUSPICIOUS_MOVE = YES;
				CLANG_WARN_SUSPICIOUS_MOVES = YES;
				CLANG_WARN_UNREACHABLE_CODE = YES;
				CLANG_WARN__DUPLICATE_METHOD_MATCH = YES;
				"CODE_SIGN_IDENTITY[sdk=iphoneos*]" = "iPhone Developer";
				COPY_PHASE_STRIP = NO;
				DEBUG_INFORMATION_FORMAT = dwarf;
				ENABLE_STRICT_OBJC_MSGSEND = YES;
				ENABLE_TESTABILITY = YES;
				GCC_C_LANGUAGE_STANDARD = gnu99;
				GCC_DYNAMIC_NO_PIC = NO;
				GCC_NO_COMMON_BLOCKS = YES;
				GCC_OPTIMIZATION_LEVEL = 0;
				GCC_PREPROCESSOR_DEFINITIONS = (
					"DEBUG=1",
					"$(inherited)",
				);
				GCC_WARN_64_TO_32_BIT_CONVERSION = YES;
				GCC_WARN_ABOUT_RETURN_TYPE = YES_ERROR;
				GCC_WARN_UNDECLARED_SELECTOR = YES;
				GCC_WARN_UNINITIALIZED_AUTOS = YES_AGGRESSIVE;
				GCC_WARN_UNUSED_FUNCTION = YES;
				GCC_WARN_UNUSED_VARIABLE = YES;
				IPHONEOS_DEPLOYMENT_TARGET = 10.0;
				MTL_ENABLE_DEBUG_INFO = YES;
				ONLY_ACTIVE_ARCH = YES;
				SDKROOT = iphoneos;
				SWIFT_ACTIVE_COMPILATION_CONDITIONS = DEBUG;
				SWIFT_OPTIMIZATION_LEVEL = "-Onone";
			};
			name = Debug;
		};
		76174BEC1DA7A694004BD00F /* Release */ = {
			isa = XCBuildConfiguration;
			buildSettings = {
				ALWAYS_SEARCH_USER_PATHS = NO;
				CLANG_ANALYZER_NONNULL = YES;
				CLANG_CXX_LANGUAGE_STANDARD = "gnu++0x";
				CLANG_CXX_LIBRARY = "libc++";
				CLANG_ENABLE_MODULES = YES;
				CLANG_ENABLE_OBJC_ARC = YES;
				CLANG_WARN_BOOL_CONVERSION = YES;
				CLANG_WARN_CONSTANT_CONVERSION = YES;
				CLANG_WARN_DIRECT_OBJC_ISA_USAGE = YES_ERROR;
				CLANG_WARN_DOCUMENTATION_COMMENTS = YES;
				CLANG_WARN_EMPTY_BODY = YES;
				CLANG_WARN_ENUM_CONVERSION = YES;
				CLANG_WARN_INFINITE_RECURSION = YES;
				CLANG_WARN_INT_CONVERSION = YES;
				CLANG_WARN_OBJC_ROOT_CLASS = YES_ERROR;
				CLANG_WARN_SUSPICIOUS_MOVE = YES;
				CLANG_WARN_SUSPICIOUS_MOVES = YES;
				CLANG_WARN_UNREACHABLE_CODE = YES;
				CLANG_WARN__DUPLICATE_METHOD_MATCH = YES;
				"CODE_SIGN_IDENTITY[sdk=iphoneos*]" = "iPhone Developer";
				COPY_PHASE_STRIP = NO;
				DEBUG_INFORMATION_FORMAT = "dwarf-with-dsym";
				ENABLE_NS_ASSERTIONS = NO;
				ENABLE_STRICT_OBJC_MSGSEND = YES;
				GCC_C_LANGUAGE_STANDARD = gnu99;
				GCC_NO_COMMON_BLOCKS = YES;
				GCC_WARN_64_TO_32_BIT_CONVERSION = YES;
				GCC_WARN_ABOUT_RETURN_TYPE = YES_ERROR;
				GCC_WARN_UNDECLARED_SELECTOR = YES;
				GCC_WARN_UNINITIALIZED_AUTOS = YES_AGGRESSIVE;
				GCC_WARN_UNUSED_FUNCTION = YES;
				GCC_WARN_UNUSED_VARIABLE = YES;
				IPHONEOS_DEPLOYMENT_TARGET = 10.0;
				MTL_ENABLE_DEBUG_INFO = NO;
				SDKROOT = iphoneos;
				SWIFT_OPTIMIZATION_LEVEL = "-Owholemodule";
				VALIDATE_PRODUCT = YES;
			};
			name = Release;
		};
		76174BEE1DA7A694004BD00F /* Debug */ = {
			isa = XCBuildConfiguration;
			baseConfigurationReference = 31E554F07B86F6FB56B892F6 /* Pods-HotelApp.debug.xcconfig */;
			buildSettings = {
				ALWAYS_EMBED_SWIFT_STANDARD_LIBRARIES = YES;
				ASSETCATALOG_COMPILER_APPICON_NAME = AppIcon;
				CODE_SIGN_ENTITLEMENTS = HotelApp/HotelApp.entitlements;
				DEVELOPMENT_TEAM = XZUC27U986;
				INFOPLIST_FILE = HotelApp/Info.plist;
				LD_RUNPATH_SEARCH_PATHS = "$(inherited) @executable_path/Frameworks";
				PRODUCT_BUNDLE_IDENTIFIER = com.CodeBurrow.HotelApp;
				PRODUCT_NAME = "$(TARGET_NAME)";
				SWIFT_VERSION = 3.0;
			};
			name = Debug;
		};
		76174BEF1DA7A694004BD00F /* Release */ = {
			isa = XCBuildConfiguration;
			baseConfigurationReference = DCCC036DFBD3C00EDEDE26DF /* Pods-HotelApp.release.xcconfig */;
			buildSettings = {
				ALWAYS_EMBED_SWIFT_STANDARD_LIBRARIES = YES;
				ASSETCATALOG_COMPILER_APPICON_NAME = AppIcon;
				CODE_SIGN_ENTITLEMENTS = HotelApp/HotelApp.entitlements;
				DEVELOPMENT_TEAM = XZUC27U986;
				INFOPLIST_FILE = HotelApp/Info.plist;
				LD_RUNPATH_SEARCH_PATHS = "$(inherited) @executable_path/Frameworks";
				PRODUCT_BUNDLE_IDENTIFIER = com.CodeBurrow.HotelApp;
				PRODUCT_NAME = "$(TARGET_NAME)";
				SWIFT_VERSION = 3.0;
			};
			name = Release;
		};
		76174BF11DA7A694004BD00F /* Debug */ = {
			isa = XCBuildConfiguration;
			baseConfigurationReference = BB2BE5D06F4EF00A298F3F07 /* Pods-HotelAppTests.debug.xcconfig */;
			buildSettings = {
				ALWAYS_EMBED_SWIFT_STANDARD_LIBRARIES = YES;
				BUNDLE_LOADER = "$(TEST_HOST)";
				DEVELOPMENT_TEAM = XZUC27U986;
				INFOPLIST_FILE = HotelAppTests/Info.plist;
				LD_RUNPATH_SEARCH_PATHS = "$(inherited) @executable_path/Frameworks @loader_path/Frameworks";
				PRODUCT_BUNDLE_IDENTIFIER = com.CLoutas.HotelAppTests;
				PRODUCT_NAME = "$(TARGET_NAME)";
				SWIFT_VERSION = 3.0;
				TEST_HOST = "$(BUILT_PRODUCTS_DIR)/HotelApp.app/HotelApp";
			};
			name = Debug;
		};
		76174BF21DA7A694004BD00F /* Release */ = {
			isa = XCBuildConfiguration;
			baseConfigurationReference = 796DA8BEAAF46C4AB5C8419C /* Pods-HotelAppTests.release.xcconfig */;
			buildSettings = {
				ALWAYS_EMBED_SWIFT_STANDARD_LIBRARIES = YES;
				BUNDLE_LOADER = "$(TEST_HOST)";
				DEVELOPMENT_TEAM = XZUC27U986;
				INFOPLIST_FILE = HotelAppTests/Info.plist;
				LD_RUNPATH_SEARCH_PATHS = "$(inherited) @executable_path/Frameworks @loader_path/Frameworks";
				PRODUCT_BUNDLE_IDENTIFIER = com.CLoutas.HotelAppTests;
				PRODUCT_NAME = "$(TARGET_NAME)";
				SWIFT_VERSION = 3.0;
				TEST_HOST = "$(BUILT_PRODUCTS_DIR)/HotelApp.app/HotelApp";
			};
			name = Release;
		};
		76174BF41DA7A694004BD00F /* Debug */ = {
			isa = XCBuildConfiguration;
			baseConfigurationReference = D48AD1468DF6A157B11D326D /* Pods-HotelAppUITests.debug.xcconfig */;
			buildSettings = {
				ALWAYS_EMBED_SWIFT_STANDARD_LIBRARIES = YES;
				DEVELOPMENT_TEAM = XZUC27U986;
				INFOPLIST_FILE = HotelAppUITests/Info.plist;
				LD_RUNPATH_SEARCH_PATHS = "$(inherited) @executable_path/Frameworks @loader_path/Frameworks";
				PRODUCT_BUNDLE_IDENTIFIER = com.CLoutas.HotelAppUITests;
				PRODUCT_NAME = "$(TARGET_NAME)";
				SWIFT_VERSION = 3.0;
				TEST_TARGET_NAME = HotelApp;
			};
			name = Debug;
		};
		76174BF51DA7A694004BD00F /* Release */ = {
			isa = XCBuildConfiguration;
			baseConfigurationReference = 2B6F5A5BBD1263AAB31377AA /* Pods-HotelAppUITests.release.xcconfig */;
			buildSettings = {
				ALWAYS_EMBED_SWIFT_STANDARD_LIBRARIES = YES;
				DEVELOPMENT_TEAM = XZUC27U986;
				INFOPLIST_FILE = HotelAppUITests/Info.plist;
				LD_RUNPATH_SEARCH_PATHS = "$(inherited) @executable_path/Frameworks @loader_path/Frameworks";
				PRODUCT_BUNDLE_IDENTIFIER = com.CLoutas.HotelAppUITests;
				PRODUCT_NAME = "$(TARGET_NAME)";
				SWIFT_VERSION = 3.0;
				TEST_TARGET_NAME = HotelApp;
			};
			name = Release;
		};
		7658B4291DB2990B009F7788 /* Debug */ = {
			isa = XCBuildConfiguration;
			buildSettings = {
				DEVELOPMENT_TEAM = XZUC27U986;
				INFOPLIST_FILE = HotelAppNotificationExtension/Info.plist;
				LD_RUNPATH_SEARCH_PATHS = "$(inherited) @executable_path/Frameworks @executable_path/../../Frameworks";
				PRODUCT_BUNDLE_IDENTIFIER = com.CodeBurrow.HotelApp.HotelAppNotificationExtension;
				PRODUCT_NAME = "$(TARGET_NAME)";
				SKIP_INSTALL = YES;
				SWIFT_VERSION = 3.0;
			};
			name = Debug;
		};
		7658B42A1DB2990B009F7788 /* Release */ = {
			isa = XCBuildConfiguration;
			buildSettings = {
				DEVELOPMENT_TEAM = XZUC27U986;
				INFOPLIST_FILE = HotelAppNotificationExtension/Info.plist;
				LD_RUNPATH_SEARCH_PATHS = "$(inherited) @executable_path/Frameworks @executable_path/../../Frameworks";
				PRODUCT_BUNDLE_IDENTIFIER = com.CodeBurrow.HotelApp.HotelAppNotificationExtension;
				PRODUCT_NAME = "$(TARGET_NAME)";
				SKIP_INSTALL = YES;
				SWIFT_VERSION = 3.0;
			};
			name = Release;
		};
/* End XCBuildConfiguration section */

/* Begin XCConfigurationList section */
		76174BC01DA7A693004BD00F /* Build configuration list for PBXProject "HotelApp" */ = {
			isa = XCConfigurationList;
			buildConfigurations = (
				76174BEB1DA7A694004BD00F /* Debug */,
				76174BEC1DA7A694004BD00F /* Release */,
			);
			defaultConfigurationIsVisible = 0;
			defaultConfigurationName = Release;
		};
		76174BED1DA7A694004BD00F /* Build configuration list for PBXNativeTarget "HotelApp" */ = {
			isa = XCConfigurationList;
			buildConfigurations = (
				76174BEE1DA7A694004BD00F /* Debug */,
				76174BEF1DA7A694004BD00F /* Release */,
			);
			defaultConfigurationIsVisible = 0;
			defaultConfigurationName = Release;
		};
		76174BF01DA7A694004BD00F /* Build configuration list for PBXNativeTarget "HotelAppTests" */ = {
			isa = XCConfigurationList;
			buildConfigurations = (
				76174BF11DA7A694004BD00F /* Debug */,
				76174BF21DA7A694004BD00F /* Release */,
			);
			defaultConfigurationIsVisible = 0;
			defaultConfigurationName = Release;
		};
		76174BF31DA7A694004BD00F /* Build configuration list for PBXNativeTarget "HotelAppUITests" */ = {
			isa = XCConfigurationList;
			buildConfigurations = (
				76174BF41DA7A694004BD00F /* Debug */,
				76174BF51DA7A694004BD00F /* Release */,
			);
			defaultConfigurationIsVisible = 0;
			defaultConfigurationName = Release;
		};
		7658B42B1DB2990B009F7788 /* Build configuration list for PBXNativeTarget "HotelAppNotificationExtension" */ = {
			isa = XCConfigurationList;
			buildConfigurations = (
				7658B4291DB2990B009F7788 /* Debug */,
				7658B42A1DB2990B009F7788 /* Release */,
			);
			defaultConfigurationIsVisible = 0;
		};
/* End XCConfigurationList section */
	};
	rootObject = 76174BBD1DA7A693004BD00F /* Project object */;
}
